# This file is automatically @generated by Cargo.
# It is not intended for manual editing.
version = 3

[[package]]
name = "hc-sr04"
version = "0.1.1"
source = "registry+https://github.com/rust-lang/crates.io-index"
checksum = "875be774cd3d78313a604584f181ee4ab4ffe193574bdc3fcf2ea0b14c7220c8"
dependencies = [
 "rppal",
]

[[package]]
name = "libc"
version = "0.2.152"
source = "registry+https://github.com/rust-lang/crates.io-index"
checksum = "13e3bf6590cbc649f4d1a3eefc9d5d6eb746f5200ffb04e5e142700b8faa56e7"

[[package]]
name = "motors_and_sensors"
version = "0.1.0"
dependencies = [
 "hc-sr04",
]

[[package]]
name = "rppal"
version = "0.14.1"
source = "registry+https://github.com/rust-lang/crates.io-index"
checksum = "612e1a22e21f08a246657c6433fe52b773ae43d07c9ef88ccfc433cc8683caba"
dependencies = [
 "libc",
]
